
Microsoft Visual Studio Solution File, Format Version 12.00
# Visual Studio Version 18
VisualStudioVersion = 18.0.11111.16
MinimumVisualStudioVersion = 10.0.40219.1
Project("{2150E333-8FDC-42A3-9474-1A3956D46DE8}") = "Solution Items", "Solution Items", "{92105EFE-5907-4106-AA7E-1D0219CFD06B}"
	ProjectSection(SolutionItems) = preProject
		.gitattributes = .gitattributes
		.gitignore = .gitignore
	EndProjectSection
EndProject
Project("{2150E333-8FDC-42A3-9474-1A3956D46DE8}") = "Scripts", "Scripts", "{2771F772-540A-4F11-BAAF-F6D3F2D60B91}"
	ProjectSection(SolutionItems) = preProject
		Scripts\build-opencv-native.sh = Scripts\build-opencv-native.sh
	EndProjectSection
EndProject
Project("{FAE04EC0-301F-11D3-BF4B-00C04F79EFBC}") = "Timelapse.Models", "Timelapse.Models\Timelapse.Models.csproj", "{9E78EC44-797E-ED8B-4663-F56D8157F8DB}"
EndProject
Project("{FAE04EC0-301F-11D3-BF4B-00C04F79EFBC}") = "Timelapse.Repositories", "Timelapse.Repositories\Timelapse.Repositories.csproj", "{201B0B5D-0166-12C8-9B39-AF93F2FAD54E}"
EndProject
Project("{FAE04EC0-301F-11D3-BF4B-00C04F79EFBC}") = "Timelapse.BackendService", "Timelapse.BackendService\Timelapse.BackendService.csproj", "{DDB452E7-B476-1730-A6E8-D96520973275}"
EndProject
Project("{FAE04EC0-301F-11D3-BF4B-00C04F79EFBC}") = "Timelapse.Web", "Timelapse.Web\Timelapse.Web.csproj", "{BE25FE2A-D045-3DD6-0D50-8CC39C9F6FA1}"
EndProject
Global
	GlobalSection(SolutionConfigurationPlatforms) = preSolution
		Debug|Any CPU = Debug|Any CPU
		Release|Any CPU = Release|Any CPU
	EndGlobalSection
	GlobalSection(ProjectConfigurationPlatforms) = postSolution
		{9E78EC44-797E-ED8B-4663-F56D8157F8DB}.Debug|Any CPU.ActiveCfg = Debug|Any CPU
		{9E78EC44-797E-ED8B-4663-F56D8157F8DB}.Debug|Any CPU.Build.0 = Debug|Any CPU
		{9E78EC44-797E-ED8B-4663-F56D8157F8DB}.Release|Any CPU.ActiveCfg = Release|Any CPU
		{9E78EC44-797E-ED8B-4663-F56D8157F8DB}.Release|Any CPU.Build.0 = Release|Any CPU
		{201B0B5D-0166-12C8-9B39-AF93F2FAD54E}.Debug|Any CPU.ActiveCfg = Debug|Any CPU
		{201B0B5D-0166-12C8-9B39-AF93F2FAD54E}.Debug|Any CPU.Build.0 = Debug|Any CPU
		{201B0B5D-0166-12C8-9B39-AF93F2FAD54E}.Release|Any CPU.ActiveCfg = Release|Any CPU
		{201B0B5D-0166-12C8-9B39-AF93F2FAD54E}.Release|Any CPU.Build.0 = Release|Any CPU
		{DDB452E7-B476-1730-A6E8-D96520973275}.Debug|Any CPU.ActiveCfg = Debug|Any CPU
		{DDB452E7-B476-1730-A6E8-D96520973275}.Debug|Any CPU.Build.0 = Debug|Any CPU
		{DDB452E7-B476-1730-A6E8-D96520973275}.Release|Any CPU.ActiveCfg = Release|Any CPU
		{DDB452E7-B476-1730-A6E8-D96520973275}.Release|Any CPU.Build.0 = Release|Any CPU
		{BE25FE2A-D045-3DD6-0D50-8CC39C9F6FA1}.Debug|Any CPU.ActiveCfg = Debug|Any CPU
		{BE25FE2A-D045-3DD6-0D50-8CC39C9F6FA1}.Debug|Any CPU.Build.0 = Debug|Any CPU
		{BE25FE2A-D045-3DD6-0D50-8CC39C9F6FA1}.Release|Any CPU.ActiveCfg = Release|Any CPU
		{BE25FE2A-D045-3DD6-0D50-8CC39C9F6FA1}.Release|Any CPU.Build.0 = Release|Any CPU
	EndGlobalSection
	GlobalSection(SolutionProperties) = preSolution
		HideSolutionNode = FALSE
	EndGlobalSection
	GlobalSection(NestedProjects) = preSolution
		{2771F772-540A-4F11-BAAF-F6D3F2D60B91} = {92105EFE-5907-4106-AA7E-1D0219CFD06B}
	EndGlobalSection
	GlobalSection(ExtensibilityGlobals) = postSolution
		SolutionGuid = {8D9ED3F4-C3A9-491F-A631-9F6E14E4C987}
	EndGlobalSection
EndGlobal
